{
  "name": "mote",
  "version": "0.1.0",
  "lockfileVersion": 3,
  "requires": true,
  "packages": {
    "": {
      "name": "mote",
      "version": "0.1.0",
      "license": "MIT",
      "dependencies": {
        "@lenml/tokenizer-deepseek_v3": "^3.7.2",
        "@lenml/tokenizer-llama3": "^3.7.2",
        "gpt-tokenizer": "^3.4.0"
      },
      "bin": {
        "mote": "bin/mote.mjs"
      },
      "devDependencies": {
        "@types/node": "^22.20.0",
        "typescript": "^5.6.3"
      }
    },
    "node_modules/@lenml/tokenizer-deepseek_v3": {
      "version": "3.7.2",
      "resolved": "https://registry.npmjs.org/@lenml/tokenizer-deepseek_v3/-/tokenizer-deepseek_v3-3.7.2.tgz",
      "integrity": "sha512-Bc7IzlrCh5i8DY8HTNx7eWgW5c+h2TACiG/mzFrB3B8h+7Seylo4Z/JMNrI48g+uMfVEdaiE0nykgBSCJARu7Q==",
      "license": "Apache-2.0",
      "dependencies": {
        "@lenml/tokenizers": "^3.7.2"
      }
    },
    "node_modules/@lenml/tokenizer-llama3": {
      "version": "3.7.2",
      "resolved": "https://registry.npmjs.org/@lenml/tokenizer-llama3/-/tokenizer-llama3-3.7.2.tgz",
      "integrity": "sha512-9wttdEzKwxEffgzKSVkBEPBqd8p25pTdHyi0LYWrpjdtcmpV/XPWH103VW8tP8bKAY5ICDE+qXcqWUYninuImw==",
      "license": "Apache-2.0",
      "dependencies": {
        "@lenml/tokenizers": "^3.7.2"
      }
    },
    "node_modules/@lenml/tokenizers": {
      "version": "3.7.2",
      "resolved": "https://registry.npmjs.org/@lenml/tokenizers/-/tokenizers-3.7.2.tgz",
      "integrity": "sha512-tuap9T7Q80Czor8NHzxjlLNvxEX8MgFINzsBTV+lq1v7G+78YR3ZvBhmLsPHtgqExB4Q4kCJH6dhXOYWSLdHLw==",
      "license": "Apache-2.0"
    },
    "node_modules/@types/node": {
      "version": "22.20.0",
      "resolved": "https://registry.npmjs.org/@types/node/-/node-22.20.0.tgz",
      "integrity": "sha512-QWlFW2wf3nTjC13/DqRnBpR4ZO36VJH/JVBkA/vcnmbTBNQIlnObqyqZE1tUR7+Ni23Lda8R1BxMfbXRpCUx5g==",
      "dev": true,
      "license": "MIT",
      "dependencies": {
        "undici-types": "~6.21.0"
      }
    },
    "node_modules/gpt-tokenizer": {
      "version": "3.4.0",
      "resolved": "https://registry.npmjs.org/gpt-tokenizer/-/gpt-tokenizer-3.4.0.tgz",
      "integrity": "sha512-wxFLnhIXTDjYebd9A9pGl3e31ZpSypbpIJSOswbgop5jLte/AsZVDvjlbEuVFlsqZixVKqbcoNmRlFDf6pz/UQ==",
      "license": "MIT"
    },
    "node_modules/typescript": {
      "version": "5.6.3",
      "resolved": "https://registry.npmjs.org/typescript/-/typescript-5.6.3.tgz",
      "integrity": "sha512-hjcS1mhfuyi4WW8IWtjP7brDrG2cuDZukyrYrSauoXGNgx0S7zceP07adYkJycEr56BOUTNPzbInooiN3fn1qw==",
      "dev": true,
      "license": "Apache-2.0",
      "bin": {
        "tsc": "bin/tsc",
        "tsserver": "bin/tsserver"
      },
      "engines": {
        "node": ">=14.17"
      }
    },
    "node_modules/undici-types": {
      "version": "6.21.0",
      "resolved": "https://registry.npmjs.org/undici-types/-/undici-types-6.21.0.tgz",
      "integrity": "sha512-iwDZqg0QAGrg9Rav5H4n0M64c3mkR59cJ6wQp+7C4nI0gsmExaedaYLNO44eT4AtBBwjbTiGPMlt2Md0T9H9JQ==",
      "dev": true,
      "license": "MIT"
    }
  }
}
